
Microsoft Visual Studio Solution File, Format Version 11.00
# Visual Studio 2010
Project("{FAE04EC0-301F-11D3-BF4B-00C04F79EFBC}") = "Game", "TouhouSpring\Game\Game.csproj", "{8606AF10-183B-408C-92FA-A03264E3A9A7}"
EndProject
Project("{FAE04EC0-301F-11D3-BF4B-00C04F79EFBC}") = "Console", "TouhouSpring\Console\Console.csproj", "{291C61C1-8B03-43F4-9A00-B7920B6C0D2A}"
EndProject
Project("{2150E333-8FDC-42A3-9474-1A3956D46DE8}") = "Backend", "Backend", "{E6F2BDB8-5AB6-42BF-A7B8-4832AA5653C7}"
EndProject
Project("{2150E333-8FDC-42A3-9474-1A3956D46DE8}") = "Frontend", "Frontend", "{B7B511DD-CDA1-4082-934D-408E1021F055}"
EndProject
Project("{FAE04EC0-301F-11D3-BF4B-00C04F79EFBC}") = "Cards", "TouhouSpring\Cards\Cards.csproj", "{3AB1B190-1237-4798-A5B3-45F341A58BDD}"
EndProject
Project("{FAE04EC0-301F-11D3-BF4B-00C04F79EFBC}") = "THSXnaWindows", "TouhouSpring\THSXnaWindows\THSXnaWindows\THSXnaWindows.csproj", "{2AF3E959-DE0F-4A3F-B0CA-370665C726A8}"
EndProject
Project("{FAE04EC0-301F-11D3-BF4B-00C04F79EFBC}") = "THSXnaWindowsContent", "TouhouSpring\THSXnaWindows\THSXnaWindowsContent\THSXnaWindowsContent.contentproj", "{5B18FDA6-99E3-45AB-9FF3-95A619159990}"
EndProject
Project("{2150E333-8FDC-42A3-9474-1A3956D46DE8}") = "Third Parties", "Third Parties", "{8B2BDE22-6BDC-44ED-9FB2-068A98E3172A}"
EndProject
Project("{FAE04EC0-301F-11D3-BF4B-00C04F79EFBC}") = "CurveEditor", "Third-parties\CurveEditor_4_0\CurveEditor\CurveEditor.csproj", "{9EC9FB8F-5F13-4C83-8A52-2A1ACA898B45}"
EndProject
Project("{FAE04EC0-301F-11D3-BF4B-00C04F79EFBC}") = "CurveControl", "Third-parties\CurveEditor_4_0\CurveControl\CurveControl.csproj", "{C2A845A6-EF89-4D81-9C77-269BFDC5759F}"
EndProject
Project("{2150E333-8FDC-42A3-9474-1A3956D46DE8}") = "Curve Editor", "Curve Editor", "{9C89303D-4665-4B8F-B6EB-50C6448592D0}"
	ProjectSection(SolutionItems) = preProject
		Third-parties\CurveEditor_4_0\Microsoft Permissive License.rtf = Third-parties\CurveEditor_4_0\Microsoft Permissive License.rtf
	EndProjectSection
EndProject
Project("{FAE04EC0-301F-11D3-BF4B-00C04F79EFBC}") = "TextureAtlasEditor", "Fountain\TextureAtlasEditor\TextureAtlasEditor.csproj", "{ECBD1428-1581-4E75-9844-FB3D8128625F}"
EndProject
Project("{2150E333-8FDC-42A3-9474-1A3956D46DE8}") = "Tools", "Tools", "{8DA6E328-4ED4-4571-B831-8A067BBAB503}"
EndProject
Project("{2150E333-8FDC-42A3-9474-1A3956D46DE8}") = "RectanglePacker", "RectanglePacker", "{F8368DE8-232E-4625-A1D9-FCF1476AD093}"
EndProject
Project("{FAE04EC0-301F-11D3-BF4B-00C04F79EFBC}") = "Mapper", "Third-parties\Mapper\Mapper.csproj", "{A407090B-E706-431A-AA21-C1F83BCFB6ED}"
EndProject
Project("{FAE04EC0-301F-11D3-BF4B-00C04F79EFBC}") = "Dashboard", "TouhouSpring\Dashboard\Dashboard.csproj", "{9E59CA2B-6743-4652-94F8-0330BB0481CD}"
EndProject
Project("{54435603-DBB4-11D2-8724-00A0C9A8B90C}") = "DashboardSetup", "TouhouSpring\DashboardSetup\DashboardSetup.vdproj", "{F8911B65-88B0-42DB-A548-E0BB5C9830D3}"
EndProject
Project("{FAE04EC0-301F-11D3-BF4B-00C04F79EFBC}") = "ToolCommon", "Fountain\ToolCommon\ToolCommon.csproj", "{0B9394AF-3416-4CFD-8940-4F1FD4977D65}"
EndProject
Project("{2150E333-8FDC-42A3-9474-1A3956D46DE8}") = "Fountain", "Fountain", "{57432AAB-B161-43F6-92B3-496E7BA10CA1}"
EndProject
Project("{FAE04EC0-301F-11D3-BF4B-00C04F79EFBC}") = "Common", "Fountain\Common\Common.csproj", "{9475F61B-11D2-419E-A302-2814B04F83AC}"
EndProject
Project("{FAE04EC0-301F-11D3-BF4B-00C04F79EFBC}") = "Particle", "Fountain\Particle\Particle.csproj", "{68F40942-0B87-4A8A-874C-76D90B68877A}"
EndProject
Project("{FAE04EC0-301F-11D3-BF4B-00C04F79EFBC}") = "ParticleWorkshop", "Fountain\ParticleWorkshop\ParticleWorkshop.csproj", "{134E1DAE-78B4-433B-A00E-9BB19007DEB8}"
EndProject
Project("{FAE04EC0-301F-11D3-BF4B-00C04F79EFBC}") = "TextureAtlas", "Fountain\TextureAtlas\TextureAtlas.csproj", "{C7BA8901-BC39-4DC8-8BC3-B9EBF4D72EC7}"
EndProject
Project("{FAE04EC0-301F-11D3-BF4B-00C04F79EFBC}") = "CardEditor", "TouhouSpring\CardEditor\CardEditor.csproj", "{6BF032FE-86C3-454E-828F-FD6AB7B4132B}"
EndProject
Project("{FAE04EC0-301F-11D3-BF4B-00C04F79EFBC}") = "THSv0.5", "TouhouSpring\THSv0.5\THSv0.5.csproj", "{8772ADE0-B78C-47B5-8C24-E43C1C685732}"
EndProject
Project("{2150E333-8FDC-42A3-9474-1A3956D46DE8}") = "Lidgren.Network", "Lidgren.Network", "{66B914E5-CE2F-47AF-8EBC-41444CD5BBFA}"
EndProject
Project("{FAE04EC0-301F-11D3-BF4B-00C04F79EFBC}") = "Lidgren.Network", "Third-parties\Lidgren.Network\Lidgren.Network.csproj", "{49BA1C69-6104-41AC-A5D8-B54FA9F696E8}"
EndProject
Project("{2150E333-8FDC-42A3-9474-1A3956D46DE8}") = "SmartThreadPool", "SmartThreadPool", "{FCA8B6EC-D54D-4BAF-9CB7-46FD62134AEA}"
	ProjectSection(SolutionItems) = preProject
		Third-parties\SmartThreadPool\Microsoft Public License.txt = Third-parties\SmartThreadPool\Microsoft Public License.txt
	EndProjectSection
EndProject
Project("{FAE04EC0-301F-11D3-BF4B-00C04F79EFBC}") = "SmartThreadPool", "Third-parties\SmartThreadPool\SmartThreadPool.csproj", "{74D4C33F-7CC8-4B2A-A7DF-D8B6E63B6EBD}"
EndProject
Project("{2150E333-8FDC-42A3-9474-1A3956D46DE8}") = "Swf2XNA", "Swf2XNA", "{0892F1CC-875A-4BBC-85EB-855CB6C1A24B}"
	ProjectSection(SolutionItems) = preProject
		Third-parties\Swf2XNA\License.txt = Third-parties\Swf2XNA\License.txt
	EndProjectSection
EndProject
Project("{FAE04EC0-301F-11D3-BF4B-00C04F79EFBC}") = "GdiRenderer", "Third-parties\Swf2XNA\GdiRenderer\GdiRenderer.csproj", "{9D6E1765-D1AA-4606-BE55-B54BF31BC57E}"
EndProject
Project("{FAE04EC0-301F-11D3-BF4B-00C04F79EFBC}") = "SwfFormat", "Third-parties\Swf2XNA\SwfReader\SwfFormat.csproj", "{04BB0485-133C-4B56-94C0-D1D9B3D6EC95}"
EndProject
Project("{FAE04EC0-301F-11D3-BF4B-00C04F79EFBC}") = "V2DRuntime", "Third-parties\Swf2XNA\V2DRuntime\V2DRuntime.csproj", "{269A1048-DA2C-475A-9C10-564A7D8A071D}"
EndProject
Project("{FAE04EC0-301F-11D3-BF4B-00C04F79EFBC}") = "Vex", "Third-parties\Swf2XNA\Vex\Vex.csproj", "{9E0E5CBD-E7FC-4BD6-A9B0-DEEE4BA576C7}"
EndProject
Project("{FAE04EC0-301F-11D3-BF4B-00C04F79EFBC}") = "VexPipeline", "Third-parties\Swf2XNA\VexPipeline\VexPipeline.csproj", "{7118D9A5-616B-4329-831B-C42624D711CE}"
EndProject
Project("{FAE04EC0-301F-11D3-BF4B-00C04F79EFBC}") = "VexPipelineReader", "Third-parties\Swf2XNA\VexPipelineReader\VexPipelineReader.csproj", "{D5D6310E-2D9D-4931-8D3B-4574F6625C6A}"
EndProject
Project("{FAE04EC0-301F-11D3-BF4B-00C04F79EFBC}") = "VexTo2DPhysics", "Third-parties\Swf2XNA\VexTo2DPhysics\VexTo2DPhysics.csproj", "{7DAF775B-4772-473F-81D6-608B4DE681F2}"
EndProject
Project("{2150E333-8FDC-42A3-9474-1A3956D46DE8}") = "Network", "Network", "{B8F635BB-56A9-4BBB-AE49-C25E86C5A6AB}"
EndProject
Project("{FAE04EC0-301F-11D3-BF4B-00C04F79EFBC}") = "THSNetwork", "TouhouSpring\THSNetwork\THSNetwork.csproj", "{364B21A8-2FCA-46BE-91B5-22106D7A5DAE}"
EndProject
Project("{8BC9CEB8-8B4A-11D0-8D11-00A0C91BC942}") = "ImeProvider", "Fountain\ImeProvider\ImeProvider.vcxproj", "{4731444F-DE0C-4E7C-986C-DB7F4CDF916D}"
EndProject
Project("{FAE04EC0-301F-11D3-BF4B-00C04F79EFBC}") = "DeckMaker", "TouhouSpring\DeckMaker\DeckMaker.csproj", "{68955B7B-3E9D-4042-8F44-B56470EC9BF1}"
EndProject
Global
	GlobalSection(SolutionConfigurationPlatforms) = preSolution
		Dashboard|Mixed Platforms = Dashboard|Mixed Platforms
		Dashboard|x86 = Dashboard|x86
		Debug|Mixed Platforms = Debug|Mixed Platforms
		Debug|x86 = Debug|x86
		Release|Mixed Platforms = Release|Mixed Platforms
		Release|x86 = Release|x86
	EndGlobalSection
	GlobalSection(ProjectConfigurationPlatforms) = postSolution
		{8606AF10-183B-408C-92FA-A03264E3A9A7}.Dashboard|Mixed Platforms.ActiveCfg = Debug|Any CPU
		{8606AF10-183B-408C-92FA-A03264E3A9A7}.Dashboard|Mixed Platforms.Build.0 = Debug|Any CPU
		{8606AF10-183B-408C-92FA-A03264E3A9A7}.Dashboard|x86.ActiveCfg = Debug|Any CPU
		{8606AF10-183B-408C-92FA-A03264E3A9A7}.Debug|Mixed Platforms.ActiveCfg = Debug|Any CPU
		{8606AF10-183B-408C-92FA-A03264E3A9A7}.Debug|Mixed Platforms.Build.0 = Debug|Any CPU
		{8606AF10-183B-408C-92FA-A03264E3A9A7}.Debug|x86.ActiveCfg = Debug|Any CPU
		{8606AF10-183B-408C-92FA-A03264E3A9A7}.Debug|x86.Build.0 = Debug|Any CPU
		{8606AF10-183B-408C-92FA-A03264E3A9A7}.Release|Mixed Platforms.ActiveCfg = Release|Any CPU
		{8606AF10-183B-408C-92FA-A03264E3A9A7}.Release|Mixed Platforms.Build.0 = Release|Any CPU
		{8606AF10-183B-408C-92FA-A03264E3A9A7}.Release|x86.ActiveCfg = Release|Any CPU
		{8606AF10-183B-408C-92FA-A03264E3A9A7}.Release|x86.Build.0 = Release|Any CPU
		{291C61C1-8B03-43F4-9A00-B7920B6C0D2A}.Dashboard|Mixed Platforms.ActiveCfg = Debug|x86
		{291C61C1-8B03-43F4-9A00-B7920B6C0D2A}.Dashboard|x86.ActiveCfg = Debug|x86
		{291C61C1-8B03-43F4-9A00-B7920B6C0D2A}.Debug|Mixed Platforms.ActiveCfg = Debug|x86
		{291C61C1-8B03-43F4-9A00-B7920B6C0D2A}.Debug|x86.ActiveCfg = Debug|x86
		{291C61C1-8B03-43F4-9A00-B7920B6C0D2A}.Release|Mixed Platforms.ActiveCfg = Release|x86
		{291C61C1-8B03-43F4-9A00-B7920B6C0D2A}.Release|x86.ActiveCfg = Release|x86
		{3AB1B190-1237-4798-A5B3-45F341A58BDD}.Dashboard|Mixed Platforms.ActiveCfg = Debug|Any CPU
		{3AB1B190-1237-4798-A5B3-45F341A58BDD}.Dashboard|Mixed Platforms.Build.0 = Debug|Any CPU
		{3AB1B190-1237-4798-A5B3-45F341A58BDD}.Dashboard|x86.ActiveCfg = Debug|Any CPU
		{3AB1B190-1237-4798-A5B3-45F341A58BDD}.Debug|Mixed Platforms.ActiveCfg = Debug|Any CPU
		{3AB1B190-1237-4798-A5B3-45F341A58BDD}.Debug|Mixed Platforms.Build.0 = Debug|Any CPU
		{3AB1B190-1237-4798-A5B3-45F341A58BDD}.Debug|x86.ActiveCfg = Debug|Any CPU
		{3AB1B190-1237-4798-A5B3-45F341A58BDD}.Debug|x86.Build.0 = Debug|Any CPU
		{3AB1B190-1237-4798-A5B3-45F341A58BDD}.Release|Mixed Platforms.ActiveCfg = Release|Any CPU
		{3AB1B190-1237-4798-A5B3-45F341A58BDD}.Release|Mixed Platforms.Build.0 = Release|Any CPU
		{3AB1B190-1237-4798-A5B3-45F341A58BDD}.Release|x86.ActiveCfg = Release|Any CPU
		{3AB1B190-1237-4798-A5B3-45F341A58BDD}.Release|x86.Build.0 = Release|Any CPU
		{2AF3E959-DE0F-4A3F-B0CA-370665C726A8}.Dashboard|Mixed Platforms.ActiveCfg = Debug|x86
		{2AF3E959-DE0F-4A3F-B0CA-370665C726A8}.Dashboard|Mixed Platforms.Build.0 = Debug|x86
		{2AF3E959-DE0F-4A3F-B0CA-370665C726A8}.Dashboard|x86.ActiveCfg = Debug|x86
		{2AF3E959-DE0F-4A3F-B0CA-370665C726A8}.Debug|Mixed Platforms.ActiveCfg = Debug|x86
		{2AF3E959-DE0F-4A3F-B0CA-370665C726A8}.Debug|Mixed Platforms.Build.0 = Debug|x86
		{2AF3E959-DE0F-4A3F-B0CA-370665C726A8}.Debug|x86.ActiveCfg = Debug|x86
		{2AF3E959-DE0F-4A3F-B0CA-370665C726A8}.Debug|x86.Build.0 = Debug|x86
		{2AF3E959-DE0F-4A3F-B0CA-370665C726A8}.Release|Mixed Platforms.ActiveCfg = Release|x86
		{2AF3E959-DE0F-4A3F-B0CA-370665C726A8}.Release|Mixed Platforms.Build.0 = Release|x86
		{2AF3E959-DE0F-4A3F-B0CA-370665C726A8}.Release|x86.ActiveCfg = Release|x86
		{2AF3E959-DE0F-4A3F-B0CA-370665C726A8}.Release|x86.Build.0 = Release|x86
		{5B18FDA6-99E3-45AB-9FF3-95A619159990}.Dashboard|Mixed Platforms.ActiveCfg = Debug|x86
		{5B18FDA6-99E3-45AB-9FF3-95A619159990}.Dashboard|x86.ActiveCfg = Debug|x86
		{5B18FDA6-99E3-45AB-9FF3-95A619159990}.Debug|Mixed Platforms.ActiveCfg = Debug|x86
		{5B18FDA6-99E3-45AB-9FF3-95A619159990}.Debug|x86.ActiveCfg = Debug|x86
		{5B18FDA6-99E3-45AB-9FF3-95A619159990}.Release|Mixed Platforms.ActiveCfg = Release|x86
		{5B18FDA6-99E3-45AB-9FF3-95A619159990}.Release|x86.ActiveCfg = Release|x86
		{9EC9FB8F-5F13-4C83-8A52-2A1ACA898B45}.Dashboard|Mixed Platforms.ActiveCfg = Debug|x86
		{9EC9FB8F-5F13-4C83-8A52-2A1ACA898B45}.Dashboard|Mixed Platforms.Build.0 = Debug|x86
		{9EC9FB8F-5F13-4C83-8A52-2A1ACA898B45}.Dashboard|x86.ActiveCfg = Debug|x86
		{9EC9FB8F-5F13-4C83-8A52-2A1ACA898B45}.Debug|Mixed Platforms.ActiveCfg = Debug|x86
		{9EC9FB8F-5F13-4C83-8A52-2A1ACA898B45}.Debug|Mixed Platforms.Build.0 = Debug|x86
		{9EC9FB8F-5F13-4C83-8A52-2A1ACA898B45}.Debug|x86.ActiveCfg = Debug|x86
		{9EC9FB8F-5F13-4C83-8A52-2A1ACA898B45}.Debug|x86.Build.0 = Debug|x86
		{9EC9FB8F-5F13-4C83-8A52-2A1ACA898B45}.Release|Mixed Platforms.ActiveCfg = Release|x86
		{9EC9FB8F-5F13-4C83-8A52-2A1ACA898B45}.Release|Mixed Platforms.Build.0 = Release|x86
		{9EC9FB8F-5F13-4C83-8A52-2A1ACA898B45}.Release|x86.ActiveCfg = Release|x86
		{9EC9FB8F-5F13-4C83-8A52-2A1ACA898B45}.Release|x86.Build.0 = Release|x86
		{C2A845A6-EF89-4D81-9C77-269BFDC5759F}.Dashboard|Mixed Platforms.ActiveCfg = Debug|x86
		{C2A845A6-EF89-4D81-9C77-269BFDC5759F}.Dashboard|Mixed Platforms.Build.0 = Debug|x86
		{C2A845A6-EF89-4D81-9C77-269BFDC5759F}.Dashboard|x86.ActiveCfg = Debug|x86
		{C2A845A6-EF89-4D81-9C77-269BFDC5759F}.Debug|Mixed Platforms.ActiveCfg = Debug|x86
		{C2A845A6-EF89-4D81-9C77-269BFDC5759F}.Debug|Mixed Platforms.Build.0 = Debug|x86
		{C2A845A6-EF89-4D81-9C77-269BFDC5759F}.Debug|x86.ActiveCfg = Debug|x86
		{C2A845A6-EF89-4D81-9C77-269BFDC5759F}.Debug|x86.Build.0 = Debug|x86
		{C2A845A6-EF89-4D81-9C77-269BFDC5759F}.Release|Mixed Platforms.ActiveCfg = Release|x86
		{C2A845A6-EF89-4D81-9C77-269BFDC5759F}.Release|Mixed Platforms.Build.0 = Release|x86
		{C2A845A6-EF89-4D81-9C77-269BFDC5759F}.Release|x86.ActiveCfg = Release|x86
		{C2A845A6-EF89-4D81-9C77-269BFDC5759F}.Release|x86.Build.0 = Release|x86
		{ECBD1428-1581-4E75-9844-FB3D8128625F}.Dashboard|Mixed Platforms.ActiveCfg = Debug|x86
		{ECBD1428-1581-4E75-9844-FB3D8128625F}.Dashboard|Mixed Platforms.Build.0 = Debug|x86
		{ECBD1428-1581-4E75-9844-FB3D8128625F}.Dashboard|x86.ActiveCfg = Debug|x86
		{ECBD1428-1581-4E75-9844-FB3D8128625F}.Debug|Mixed Platforms.ActiveCfg = Debug|x86
		{ECBD1428-1581-4E75-9844-FB3D8128625F}.Debug|Mixed Platforms.Build.0 = Debug|x86
		{ECBD1428-1581-4E75-9844-FB3D8128625F}.Debug|x86.ActiveCfg = Debug|x86
		{ECBD1428-1581-4E75-9844-FB3D8128625F}.Debug|x86.Build.0 = Debug|x86
		{ECBD1428-1581-4E75-9844-FB3D8128625F}.Release|Mixed Platforms.ActiveCfg = Release|x86
		{ECBD1428-1581-4E75-9844-FB3D8128625F}.Release|Mixed Platforms.Build.0 = Release|x86
		{ECBD1428-1581-4E75-9844-FB3D8128625F}.Release|x86.ActiveCfg = Release|x86
		{ECBD1428-1581-4E75-9844-FB3D8128625F}.Release|x86.Build.0 = Release|x86
		{A407090B-E706-431A-AA21-C1F83BCFB6ED}.Dashboard|Mixed Platforms.ActiveCfg = Debug|Any CPU
		{A407090B-E706-431A-AA21-C1F83BCFB6ED}.Dashboard|Mixed Platforms.Build.0 = Debug|Any CPU
		{A407090B-E706-431A-AA21-C1F83BCFB6ED}.Dashboard|x86.ActiveCfg = Debug|Any CPU
		{A407090B-E706-431A-AA21-C1F83BCFB6ED}.Debug|Mixed Platforms.ActiveCfg = Debug|Any CPU
		{A407090B-E706-431A-AA21-C1F83BCFB6ED}.Debug|Mixed Platforms.Build.0 = Debug|Any CPU
		{A407090B-E706-431A-AA21-C1F83BCFB6ED}.Debug|x86.ActiveCfg = Debug|Any CPU
		{A407090B-E706-431A-AA21-C1F83BCFB6ED}.Debug|x86.Build.0 = Debug|Any CPU
		{A407090B-E706-431A-AA21-C1F83BCFB6ED}.Release|Mixed Platforms.ActiveCfg = Release|Any CPU
		{A407090B-E706-431A-AA21-C1F83BCFB6ED}.Release|Mixed Platforms.Build.0 = Release|Any CPU
		{A407090B-E706-431A-AA21-C1F83BCFB6ED}.Release|x86.ActiveCfg = Release|Any CPU
		{A407090B-E706-431A-AA21-C1F83BCFB6ED}.Release|x86.Build.0 = Release|Any CPU
		{9E59CA2B-6743-4652-94F8-0330BB0481CD}.Dashboard|Mixed Platforms.ActiveCfg = Debug|x86
		{9E59CA2B-6743-4652-94F8-0330BB0481CD}.Dashboard|Mixed Platforms.Build.0 = Debug|x86
		{9E59CA2B-6743-4652-94F8-0330BB0481CD}.Dashboard|x86.ActiveCfg = Release|x86
		{9E59CA2B-6743-4652-94F8-0330BB0481CD}.Dashboard|x86.Build.0 = Release|x86
		{9E59CA2B-6743-4652-94F8-0330BB0481CD}.Debug|Mixed Platforms.ActiveCfg = Debug|x86
		{9E59CA2B-6743-4652-94F8-0330BB0481CD}.Debug|Mixed Platforms.Build.0 = Debug|x86
		{9E59CA2B-6743-4652-94F8-0330BB0481CD}.Debug|x86.ActiveCfg = Debug|x86
		{9E59CA2B-6743-4652-94F8-0330BB0481CD}.Release|Mixed Platforms.ActiveCfg = Release|x86
		{9E59CA2B-6743-4652-94F8-0330BB0481CD}.Release|Mixed Platforms.Build.0 = Release|x86
		{9E59CA2B-6743-4652-94F8-0330BB0481CD}.Release|x86.ActiveCfg = Release|x86
		{F8911B65-88B0-42DB-A548-E0BB5C9830D3}.Dashboard|Mixed Platforms.ActiveCfg = Debug
		{F8911B65-88B0-42DB-A548-E0BB5C9830D3}.Dashboard|Mixed Platforms.Build.0 = Debug
		{F8911B65-88B0-42DB-A548-E0BB5C9830D3}.Dashboard|x86.ActiveCfg = Release
		{F8911B65-88B0-42DB-A548-E0BB5C9830D3}.Dashboard|x86.Build.0 = Release
		{F8911B65-88B0-42DB-A548-E0BB5C9830D3}.Debug|Mixed Platforms.ActiveCfg = Debug
		{F8911B65-88B0-42DB-A548-E0BB5C9830D3}.Debug|Mixed Platforms.Build.0 = Debug
		{F8911B65-88B0-42DB-A548-E0BB5C9830D3}.Debug|x86.ActiveCfg = Debug
		{F8911B65-88B0-42DB-A548-E0BB5C9830D3}.Release|Mixed Platforms.ActiveCfg = Release
		{F8911B65-88B0-42DB-A548-E0BB5C9830D3}.Release|Mixed Platforms.Build.0 = Release
		{F8911B65-88B0-42DB-A548-E0BB5C9830D3}.Release|x86.ActiveCfg = Release
		{0B9394AF-3416-4CFD-8940-4F1FD4977D65}.Dashboard|Mixed Platforms.ActiveCfg = Debug|Any CPU
		{0B9394AF-3416-4CFD-8940-4F1FD4977D65}.Dashboard|Mixed Platforms.Build.0 = Debug|Any CPU
		{0B9394AF-3416-4CFD-8940-4F1FD4977D65}.Dashboard|x86.ActiveCfg = Debug|Any CPU
		{0B9394AF-3416-4CFD-8940-4F1FD4977D65}.Debug|Mixed Platforms.ActiveCfg = Debug|Any CPU
		{0B9394AF-3416-4CFD-8940-4F1FD4977D65}.Debug|Mixed Platforms.Build.0 = Debug|Any CPU
		{0B9394AF-3416-4CFD-8940-4F1FD4977D65}.Debug|x86.ActiveCfg = Debug|Any CPU
		{0B9394AF-3416-4CFD-8940-4F1FD4977D65}.Debug|x86.Build.0 = Debug|Any CPU
		{0B9394AF-3416-4CFD-8940-4F1FD4977D65}.Release|Mixed Platforms.ActiveCfg = Release|Any CPU
		{0B9394AF-3416-4CFD-8940-4F1FD4977D65}.Release|Mixed Platforms.Build.0 = Release|Any CPU
		{0B9394AF-3416-4CFD-8940-4F1FD4977D65}.Release|x86.ActiveCfg = Release|Any CPU
		{0B9394AF-3416-4CFD-8940-4F1FD4977D65}.Release|x86.Build.0 = Release|Any CPU
		{9475F61B-11D2-419E-A302-2814B04F83AC}.Dashboard|Mixed Platforms.ActiveCfg = Debug|Any CPU
		{9475F61B-11D2-419E-A302-2814B04F83AC}.Dashboard|Mixed Platforms.Build.0 = Debug|Any CPU
		{9475F61B-11D2-419E-A302-2814B04F83AC}.Dashboard|x86.ActiveCfg = Debug|Any CPU
		{9475F61B-11D2-419E-A302-2814B04F83AC}.Debug|Mixed Platforms.ActiveCfg = Debug|Any CPU
		{9475F61B-11D2-419E-A302-2814B04F83AC}.Debug|Mixed Platforms.Build.0 = Debug|Any CPU
		{9475F61B-11D2-419E-A302-2814B04F83AC}.Debug|x86.ActiveCfg = Debug|Any CPU
		{9475F61B-11D2-419E-A302-2814B04F83AC}.Debug|x86.Build.0 = Debug|Any CPU
		{9475F61B-11D2-419E-A302-2814B04F83AC}.Release|Mixed Platforms.ActiveCfg = Release|Any CPU
		{9475F61B-11D2-419E-A302-2814B04F83AC}.Release|Mixed Platforms.Build.0 = Release|Any CPU
		{9475F61B-11D2-419E-A302-2814B04F83AC}.Release|x86.ActiveCfg = Release|Any CPU
		{9475F61B-11D2-419E-A302-2814B04F83AC}.Release|x86.Build.0 = Release|Any CPU
		{68F40942-0B87-4A8A-874C-76D90B68877A}.Dashboard|Mixed Platforms.ActiveCfg = Debug|Any CPU
		{68F40942-0B87-4A8A-874C-76D90B68877A}.Dashboard|Mixed Platforms.Build.0 = Debug|Any CPU
		{68F40942-0B87-4A8A-874C-76D90B68877A}.Dashboard|x86.ActiveCfg = Debug|Any CPU
		{68F40942-0B87-4A8A-874C-76D90B68877A}.Debug|Mixed Platforms.ActiveCfg = Debug|Any CPU
		{68F40942-0B87-4A8A-874C-76D90B68877A}.Debug|Mixed Platforms.Build.0 = Debug|Any CPU
		{68F40942-0B87-4A8A-874C-76D90B68877A}.Debug|x86.ActiveCfg = Debug|Any CPU
		{68F40942-0B87-4A8A-874C-76D90B68877A}.Debug|x86.Build.0 = Debug|Any CPU
		{68F40942-0B87-4A8A-874C-76D90B68877A}.Release|Mixed Platforms.ActiveCfg = Release|Any CPU
		{68F40942-0B87-4A8A-874C-76D90B68877A}.Release|Mixed Platforms.Build.0 = Release|Any CPU
		{68F40942-0B87-4A8A-874C-76D90B68877A}.Release|x86.ActiveCfg = Release|Any CPU
		{68F40942-0B87-4A8A-874C-76D90B68877A}.Release|x86.Build.0 = Release|Any CPU
		{134E1DAE-78B4-433B-A00E-9BB19007DEB8}.Dashboard|Mixed Platforms.ActiveCfg = Debug|x86
		{134E1DAE-78B4-433B-A00E-9BB19007DEB8}.Dashboard|Mixed Platforms.Build.0 = Debug|x86
		{134E1DAE-78B4-433B-A00E-9BB19007DEB8}.Dashboard|x86.ActiveCfg = Debug|x86
		{134E1DAE-78B4-433B-A00E-9BB19007DEB8}.Debug|Mixed Platforms.ActiveCfg = Debug|x86
		{134E1DAE-78B4-433B-A00E-9BB19007DEB8}.Debug|Mixed Platforms.Build.0 = Debug|x86
		{134E1DAE-78B4-433B-A00E-9BB19007DEB8}.Debug|x86.ActiveCfg = Debug|x86
		{134E1DAE-78B4-433B-A00E-9BB19007DEB8}.Debug|x86.Build.0 = Debug|x86
		{134E1DAE-78B4-433B-A00E-9BB19007DEB8}.Release|Mixed Platforms.ActiveCfg = Release|x86
		{134E1DAE-78B4-433B-A00E-9BB19007DEB8}.Release|Mixed Platforms.Build.0 = Release|x86
		{134E1DAE-78B4-433B-A00E-9BB19007DEB8}.Release|x86.ActiveCfg = Release|x86
		{134E1DAE-78B4-433B-A00E-9BB19007DEB8}.Release|x86.Build.0 = Release|x86
		{C7BA8901-BC39-4DC8-8BC3-B9EBF4D72EC7}.Dashboard|Mixed Platforms.ActiveCfg = Debug|Any CPU
		{C7BA8901-BC39-4DC8-8BC3-B9EBF4D72EC7}.Dashboard|Mixed Platforms.Build.0 = Debug|Any CPU
		{C7BA8901-BC39-4DC8-8BC3-B9EBF4D72EC7}.Dashboard|x86.ActiveCfg = Debug|Any CPU
		{C7BA8901-BC39-4DC8-8BC3-B9EBF4D72EC7}.Debug|Mixed Platforms.ActiveCfg = Debug|Any CPU
		{C7BA8901-BC39-4DC8-8BC3-B9EBF4D72EC7}.Debug|Mixed Platforms.Build.0 = Debug|Any CPU
		{C7BA8901-BC39-4DC8-8BC3-B9EBF4D72EC7}.Debug|x86.ActiveCfg = Debug|Any CPU
		{C7BA8901-BC39-4DC8-8BC3-B9EBF4D72EC7}.Debug|x86.Build.0 = Debug|Any CPU
		{C7BA8901-BC39-4DC8-8BC3-B9EBF4D72EC7}.Release|Mixed Platforms.ActiveCfg = Release|Any CPU
		{C7BA8901-BC39-4DC8-8BC3-B9EBF4D72EC7}.Release|Mixed Platforms.Build.0 = Release|Any CPU
		{C7BA8901-BC39-4DC8-8BC3-B9EBF4D72EC7}.Release|x86.ActiveCfg = Release|Any CPU
		{C7BA8901-BC39-4DC8-8BC3-B9EBF4D72EC7}.Release|x86.Build.0 = Release|Any CPU
		{6BF032FE-86C3-454E-828F-FD6AB7B4132B}.Dashboard|Mixed Platforms.ActiveCfg = Debug|x86
		{6BF032FE-86C3-454E-828F-FD6AB7B4132B}.Dashboard|Mixed Platforms.Build.0 = Debug|x86
		{6BF032FE-86C3-454E-828F-FD6AB7B4132B}.Dashboard|x86.ActiveCfg = Debug|x86
		{6BF032FE-86C3-454E-828F-FD6AB7B4132B}.Debug|Mixed Platforms.ActiveCfg = Debug|x86
		{6BF032FE-86C3-454E-828F-FD6AB7B4132B}.Debug|Mixed Platforms.Build.0 = Debug|x86
		{6BF032FE-86C3-454E-828F-FD6AB7B4132B}.Debug|x86.ActiveCfg = Debug|x86
		{6BF032FE-86C3-454E-828F-FD6AB7B4132B}.Debug|x86.Build.0 = Debug|x86
		{6BF032FE-86C3-454E-828F-FD6AB7B4132B}.Release|Mixed Platforms.ActiveCfg = Release|x86
		{6BF032FE-86C3-454E-828F-FD6AB7B4132B}.Release|Mixed Platforms.Build.0 = Release|x86
		{6BF032FE-86C3-454E-828F-FD6AB7B4132B}.Release|x86.ActiveCfg = Release|x86
		{6BF032FE-86C3-454E-828F-FD6AB7B4132B}.Release|x86.Build.0 = Release|x86
		{8772ADE0-B78C-47B5-8C24-E43C1C685732}.Dashboard|Mixed Platforms.ActiveCfg = Debug|Any CPU
		{8772ADE0-B78C-47B5-8C24-E43C1C685732}.Dashboard|Mixed Platforms.Build.0 = Debug|Any CPU
		{8772ADE0-B78C-47B5-8C24-E43C1C685732}.Dashboard|x86.ActiveCfg = Debug|Any CPU
		{8772ADE0-B78C-47B5-8C24-E43C1C685732}.Debug|Mixed Platforms.ActiveCfg = Debug|Any CPU
		{8772ADE0-B78C-47B5-8C24-E43C1C685732}.Debug|Mixed Platforms.Build.0 = Debug|Any CPU
		{8772ADE0-B78C-47B5-8C24-E43C1C685732}.Debug|x86.ActiveCfg = Debug|Any CPU
		{8772ADE0-B78C-47B5-8C24-E43C1C685732}.Debug|x86.Build.0 = Debug|Any CPU
		{8772ADE0-B78C-47B5-8C24-E43C1C685732}.Release|Mixed Platforms.ActiveCfg = Release|Any CPU
		{8772ADE0-B78C-47B5-8C24-E43C1C685732}.Release|Mixed Platforms.Build.0 = Release|Any CPU
		{8772ADE0-B78C-47B5-8C24-E43C1C685732}.Release|x86.ActiveCfg = Release|Any CPU
		{8772ADE0-B78C-47B5-8C24-E43C1C685732}.Release|x86.Build.0 = Release|Any CPU
		{49BA1C69-6104-41AC-A5D8-B54FA9F696E8}.Dashboard|Mixed Platforms.ActiveCfg = Debug|Any CPU
		{49BA1C69-6104-41AC-A5D8-B54FA9F696E8}.Dashboard|Mixed Platforms.Build.0 = Debug|Any CPU
		{49BA1C69-6104-41AC-A5D8-B54FA9F696E8}.Dashboard|x86.ActiveCfg = Debug|Any CPU
		{49BA1C69-6104-41AC-A5D8-B54FA9F696E8}.Debug|Mixed Platforms.ActiveCfg = Debug|Any CPU
		{49BA1C69-6104-41AC-A5D8-B54FA9F696E8}.Debug|Mixed Platforms.Build.0 = Debug|Any CPU
		{49BA1C69-6104-41AC-A5D8-B54FA9F696E8}.Debug|x86.ActiveCfg = Debug|Any CPU
		{49BA1C69-6104-41AC-A5D8-B54FA9F696E8}.Debug|x86.Build.0 = Debug|Any CPU
		{49BA1C69-6104-41AC-A5D8-B54FA9F696E8}.Release|Mixed Platforms.ActiveCfg = Release|Any CPU
		{49BA1C69-6104-41AC-A5D8-B54FA9F696E8}.Release|Mixed Platforms.Build.0 = Release|Any CPU
		{49BA1C69-6104-41AC-A5D8-B54FA9F696E8}.Release|x86.ActiveCfg = Release|Any CPU
		{49BA1C69-6104-41AC-A5D8-B54FA9F696E8}.Release|x86.Build.0 = Release|Any CPU
		{74D4C33F-7CC8-4B2A-A7DF-D8B6E63B6EBD}.Dashboard|Mixed Platforms.ActiveCfg = Debug|Any CPU
		{74D4C33F-7CC8-4B2A-A7DF-D8B6E63B6EBD}.Dashboard|Mixed Platforms.Build.0 = Debug|Any CPU
		{74D4C33F-7CC8-4B2A-A7DF-D8B6E63B6EBD}.Dashboard|x86.ActiveCfg = Debug|Any CPU
		{74D4C33F-7CC8-4B2A-A7DF-D8B6E63B6EBD}.Debug|Mixed Platforms.ActiveCfg = Debug|Any CPU
		{74D4C33F-7CC8-4B2A-A7DF-D8B6E63B6EBD}.Debug|Mixed Platforms.Build.0 = Debug|Any CPU
		{74D4C33F-7CC8-4B2A-A7DF-D8B6E63B6EBD}.Debug|x86.ActiveCfg = Debug|Any CPU
		{74D4C33F-7CC8-4B2A-A7DF-D8B6E63B6EBD}.Debug|x86.Build.0 = Debug|Any CPU
		{74D4C33F-7CC8-4B2A-A7DF-D8B6E63B6EBD}.Release|Mixed Platforms.ActiveCfg = Release|Any CPU
		{74D4C33F-7CC8-4B2A-A7DF-D8B6E63B6EBD}.Release|Mixed Platforms.Build.0 = Release|Any CPU
		{74D4C33F-7CC8-4B2A-A7DF-D8B6E63B6EBD}.Release|x86.ActiveCfg = Release|Any CPU
		{74D4C33F-7CC8-4B2A-A7DF-D8B6E63B6EBD}.Release|x86.Build.0 = Release|Any CPU
		{9D6E1765-D1AA-4606-BE55-B54BF31BC57E}.Dashboard|Mixed Platforms.ActiveCfg = Debug|Any CPU
		{9D6E1765-D1AA-4606-BE55-B54BF31BC57E}.Dashboard|Mixed Platforms.Build.0 = Debug|Any CPU
		{9D6E1765-D1AA-4606-BE55-B54BF31BC57E}.Dashboard|x86.ActiveCfg = Debug|Any CPU
		{9D6E1765-D1AA-4606-BE55-B54BF31BC57E}.Debug|Mixed Platforms.ActiveCfg = Debug|Any CPU
		{9D6E1765-D1AA-4606-BE55-B54BF31BC57E}.Debug|Mixed Platforms.Build.0 = Debug|Any CPU
		{9D6E1765-D1AA-4606-BE55-B54BF31BC57E}.Debug|x86.ActiveCfg = Debug|Any CPU
		{9D6E1765-D1AA-4606-BE55-B54BF31BC57E}.Debug|x86.Build.0 = Debug|Any CPU
		{9D6E1765-D1AA-4606-BE55-B54BF31BC57E}.Release|Mixed Platforms.ActiveCfg = Release|Any CPU
		{9D6E1765-D1AA-4606-BE55-B54BF31BC57E}.Release|Mixed Platforms.Build.0 = Release|Any CPU
		{9D6E1765-D1AA-4606-BE55-B54BF31BC57E}.Release|x86.ActiveCfg = Release|Any CPU
		{9D6E1765-D1AA-4606-BE55-B54BF31BC57E}.Release|x86.Build.0 = Release|Any CPU
		{04BB0485-133C-4B56-94C0-D1D9B3D6EC95}.Dashboard|Mixed Platforms.ActiveCfg = Debug|Any CPU
		{04BB0485-133C-4B56-94C0-D1D9B3D6EC95}.Dashboard|Mixed Platforms.Build.0 = Debug|Any CPU
		{04BB0485-133C-4B56-94C0-D1D9B3D6EC95}.Dashboard|x86.ActiveCfg = Debug|Any CPU
		{04BB0485-133C-4B56-94C0-D1D9B3D6EC95}.Debug|Mixed Platforms.ActiveCfg = Debug|Any CPU
		{04BB0485-133C-4B56-94C0-D1D9B3D6EC95}.Debug|Mixed Platforms.Build.0 = Debug|Any CPU
		{04BB0485-133C-4B56-94C0-D1D9B3D6EC95}.Debug|x86.ActiveCfg = Debug|Any CPU
		{04BB0485-133C-4B56-94C0-D1D9B3D6EC95}.Debug|x86.Build.0 = Debug|Any CPU
		{04BB0485-133C-4B56-94C0-D1D9B3D6EC95}.Release|Mixed Platforms.ActiveCfg = Release|Any CPU
		{04BB0485-133C-4B56-94C0-D1D9B3D6EC95}.Release|Mixed Platforms.Build.0 = Release|Any CPU
		{04BB0485-133C-4B56-94C0-D1D9B3D6EC95}.Release|x86.ActiveCfg = Release|Any CPU
		{04BB0485-133C-4B56-94C0-D1D9B3D6EC95}.Release|x86.Build.0 = Release|Any CPU
		{269A1048-DA2C-475A-9C10-564A7D8A071D}.Dashboard|Mixed Platforms.ActiveCfg = Debug|x86
		{269A1048-DA2C-475A-9C10-564A7D8A071D}.Dashboard|Mixed Platforms.Build.0 = Debug|x86
		{269A1048-DA2C-475A-9C10-564A7D8A071D}.Dashboard|x86.ActiveCfg = Debug|x86
		{269A1048-DA2C-475A-9C10-564A7D8A071D}.Debug|Mixed Platforms.ActiveCfg = Debug|x86
		{269A1048-DA2C-475A-9C10-564A7D8A071D}.Debug|Mixed Platforms.Build.0 = Debug|x86
		{269A1048-DA2C-475A-9C10-564A7D8A071D}.Debug|x86.ActiveCfg = Debug|x86
		{269A1048-DA2C-475A-9C10-564A7D8A071D}.Debug|x86.Build.0 = Debug|x86
		{269A1048-DA2C-475A-9C10-564A7D8A071D}.Release|Mixed Platforms.ActiveCfg = Release|x86
		{269A1048-DA2C-475A-9C10-564A7D8A071D}.Release|Mixed Platforms.Build.0 = Release|x86
		{269A1048-DA2C-475A-9C10-564A7D8A071D}.Release|x86.ActiveCfg = Release|x86
		{269A1048-DA2C-475A-9C10-564A7D8A071D}.Release|x86.Build.0 = Release|x86
		{9E0E5CBD-E7FC-4BD6-A9B0-DEEE4BA576C7}.Dashboard|Mixed Platforms.ActiveCfg = Debug|Any CPU
		{9E0E5CBD-E7FC-4BD6-A9B0-DEEE4BA576C7}.Dashboard|Mixed Platforms.Build.0 = Debug|Any CPU
		{9E0E5CBD-E7FC-4BD6-A9B0-DEEE4BA576C7}.Dashboard|x86.ActiveCfg = Debug|Any CPU
		{9E0E5CBD-E7FC-4BD6-A9B0-DEEE4BA576C7}.Debug|Mixed Platforms.ActiveCfg = Debug|Any CPU
		{9E0E5CBD-E7FC-4BD6-A9B0-DEEE4BA576C7}.Debug|Mixed Platforms.Build.0 = Debug|Any CPU
		{9E0E5CBD-E7FC-4BD6-A9B0-DEEE4BA576C7}.Debug|x86.ActiveCfg = Debug|Any CPU
		{9E0E5CBD-E7FC-4BD6-A9B0-DEEE4BA576C7}.Debug|x86.Build.0 = Debug|Any CPU
		{9E0E5CBD-E7FC-4BD6-A9B0-DEEE4BA576C7}.Release|Mixed Platforms.ActiveCfg = Release|Any CPU
		{9E0E5CBD-E7FC-4BD6-A9B0-DEEE4BA576C7}.Release|Mixed Platforms.Build.0 = Release|Any CPU
		{9E0E5CBD-E7FC-4BD6-A9B0-DEEE4BA576C7}.Release|x86.ActiveCfg = Release|Any CPU
		{9E0E5CBD-E7FC-4BD6-A9B0-DEEE4BA576C7}.Release|x86.Build.0 = Release|Any CPU
		{7118D9A5-616B-4329-831B-C42624D711CE}.Dashboard|Mixed Platforms.ActiveCfg = Debug|Zune
		{7118D9A5-616B-4329-831B-C42624D711CE}.Dashboard|Mixed Platforms.Build.0 = Debug|Zune
		{7118D9A5-616B-4329-831B-C42624D711CE}.Dashboard|x86.ActiveCfg = Debug|x86
		{7118D9A5-616B-4329-831B-C42624D711CE}.Debug|Mixed Platforms.ActiveCfg = Debug|Zune
		{7118D9A5-616B-4329-831B-C42624D711CE}.Debug|Mixed Platforms.Build.0 = Debug|Zune
		{7118D9A5-616B-4329-831B-C42624D711CE}.Debug|x86.ActiveCfg = Debug|x86
		{7118D9A5-616B-4329-831B-C42624D711CE}.Debug|x86.Build.0 = Debug|x86
		{7118D9A5-616B-4329-831B-C42624D711CE}.Release|Mixed Platforms.ActiveCfg = Release|Zune
		{7118D9A5-616B-4329-831B-C42624D711CE}.Release|Mixed Platforms.Build.0 = Release|Zune
		{7118D9A5-616B-4329-831B-C42624D711CE}.Release|x86.ActiveCfg = Release|x86
		{7118D9A5-616B-4329-831B-C42624D711CE}.Release|x86.Build.0 = Release|x86
		{D5D6310E-2D9D-4931-8D3B-4574F6625C6A}.Dashboard|Mixed Platforms.ActiveCfg = Debug|x86
		{D5D6310E-2D9D-4931-8D3B-4574F6625C6A}.Dashboard|Mixed Platforms.Build.0 = Debug|x86
		{D5D6310E-2D9D-4931-8D3B-4574F6625C6A}.Dashboard|x86.ActiveCfg = Debug|x86
		{D5D6310E-2D9D-4931-8D3B-4574F6625C6A}.Debug|Mixed Platforms.ActiveCfg = Debug|x86
		{D5D6310E-2D9D-4931-8D3B-4574F6625C6A}.Debug|Mixed Platforms.Build.0 = Debug|x86
		{D5D6310E-2D9D-4931-8D3B-4574F6625C6A}.Debug|x86.ActiveCfg = Debug|x86
		{D5D6310E-2D9D-4931-8D3B-4574F6625C6A}.Debug|x86.Build.0 = Debug|x86
		{D5D6310E-2D9D-4931-8D3B-4574F6625C6A}.Release|Mixed Platforms.ActiveCfg = Release|x86
		{D5D6310E-2D9D-4931-8D3B-4574F6625C6A}.Release|Mixed Platforms.Build.0 = Release|x86
		{D5D6310E-2D9D-4931-8D3B-4574F6625C6A}.Release|x86.ActiveCfg = Release|x86
		{D5D6310E-2D9D-4931-8D3B-4574F6625C6A}.Release|x86.Build.0 = Release|x86
		{7DAF775B-4772-473F-81D6-608B4DE681F2}.Dashboard|Mixed Platforms.ActiveCfg = Debug|x86
		{7DAF775B-4772-473F-81D6-608B4DE681F2}.Dashboard|Mixed Platforms.Build.0 = Debug|x86
		{7DAF775B-4772-473F-81D6-608B4DE681F2}.Dashboard|x86.ActiveCfg = Debug|x86
		{7DAF775B-4772-473F-81D6-608B4DE681F2}.Debug|Mixed Platforms.ActiveCfg = Debug|x86
		{7DAF775B-4772-473F-81D6-608B4DE681F2}.Debug|Mixed Platforms.Build.0 = Debug|x86
		{7DAF775B-4772-473F-81D6-608B4DE681F2}.Debug|x86.ActiveCfg = Debug|x86
		{7DAF775B-4772-473F-81D6-608B4DE681F2}.Debug|x86.Build.0 = Debug|x86
		{7DAF775B-4772-473F-81D6-608B4DE681F2}.Release|Mixed Platforms.ActiveCfg = Release|x86
		{7DAF775B-4772-473F-81D6-608B4DE681F2}.Release|Mixed Platforms.Build.0 = Release|x86
		{7DAF775B-4772-473F-81D6-608B4DE681F2}.Release|x86.ActiveCfg = Release|x86
		{7DAF775B-4772-473F-81D6-608B4DE681F2}.Release|x86.Build.0 = Release|x86
		{364B21A8-2FCA-46BE-91B5-22106D7A5DAE}.Dashboard|Mixed Platforms.ActiveCfg = Debug|Any CPU
		{364B21A8-2FCA-46BE-91B5-22106D7A5DAE}.Dashboard|Mixed Platforms.Build.0 = Debug|Any CPU
		{364B21A8-2FCA-46BE-91B5-22106D7A5DAE}.Dashboard|x86.ActiveCfg = Debug|Any CPU
		{364B21A8-2FCA-46BE-91B5-22106D7A5DAE}.Debug|Mixed Platforms.ActiveCfg = Debug|Any CPU
		{364B21A8-2FCA-46BE-91B5-22106D7A5DAE}.Debug|Mixed Platforms.Build.0 = Debug|Any CPU
		{364B21A8-2FCA-46BE-91B5-22106D7A5DAE}.Debug|x86.ActiveCfg = Debug|Any CPU
		{364B21A8-2FCA-46BE-91B5-22106D7A5DAE}.Debug|x86.Build.0 = Debug|Any CPU
		{364B21A8-2FCA-46BE-91B5-22106D7A5DAE}.Release|Mixed Platforms.ActiveCfg = Release|Any CPU
		{364B21A8-2FCA-46BE-91B5-22106D7A5DAE}.Release|Mixed Platforms.Build.0 = Release|Any CPU
		{364B21A8-2FCA-46BE-91B5-22106D7A5DAE}.Release|x86.ActiveCfg = Release|Any CPU
		{364B21A8-2FCA-46BE-91B5-22106D7A5DAE}.Release|x86.Build.0 = Release|Any CPU
		{4731444F-DE0C-4E7C-986C-DB7F4CDF916D}.Dashboard|Mixed Platforms.ActiveCfg = Debug|Win32
		{4731444F-DE0C-4E7C-986C-DB7F4CDF916D}.Dashboard|Mixed Platforms.Build.0 = Debug|Win32
		{4731444F-DE0C-4E7C-986C-DB7F4CDF916D}.Dashboard|x86.ActiveCfg = Debug|Win32
		{4731444F-DE0C-4E7C-986C-DB7F4CDF916D}.Debug|Mixed Platforms.ActiveCfg = Debug|Win32
		{4731444F-DE0C-4E7C-986C-DB7F4CDF916D}.Debug|Mixed Platforms.Build.0 = Debug|Win32
		{4731444F-DE0C-4E7C-986C-DB7F4CDF916D}.Debug|x86.ActiveCfg = Debug|Win32
		{4731444F-DE0C-4E7C-986C-DB7F4CDF916D}.Debug|x86.Build.0 = Debug|Win32
		{4731444F-DE0C-4E7C-986C-DB7F4CDF916D}.Release|Mixed Platforms.ActiveCfg = Release|Win32
		{4731444F-DE0C-4E7C-986C-DB7F4CDF916D}.Release|Mixed Platforms.Build.0 = Release|Win32
		{4731444F-DE0C-4E7C-986C-DB7F4CDF916D}.Release|x86.ActiveCfg = Release|Win32
		{4731444F-DE0C-4E7C-986C-DB7F4CDF916D}.Release|x86.Build.0 = Release|Win32
		{68955B7B-3E9D-4042-8F44-B56470EC9BF1}.Dashboard|Mixed Platforms.ActiveCfg = Debug|x86
		{68955B7B-3E9D-4042-8F44-B56470EC9BF1}.Dashboard|Mixed Platforms.Build.0 = Debug|x86
		{68955B7B-3E9D-4042-8F44-B56470EC9BF1}.Dashboard|x86.ActiveCfg = Debug|x86
		{68955B7B-3E9D-4042-8F44-B56470EC9BF1}.Dashboard|x86.Build.0 = Debug|x86
		{68955B7B-3E9D-4042-8F44-B56470EC9BF1}.Debug|Mixed Platforms.ActiveCfg = Debug|x86
		{68955B7B-3E9D-4042-8F44-B56470EC9BF1}.Debug|Mixed Platforms.Build.0 = Debug|x86
		{68955B7B-3E9D-4042-8F44-B56470EC9BF1}.Debug|x86.ActiveCfg = Debug|x86
		{68955B7B-3E9D-4042-8F44-B56470EC9BF1}.Debug|x86.Build.0 = Debug|x86
		{68955B7B-3E9D-4042-8F44-B56470EC9BF1}.Release|Mixed Platforms.ActiveCfg = Release|x86
		{68955B7B-3E9D-4042-8F44-B56470EC9BF1}.Release|Mixed Platforms.Build.0 = Release|x86
		{68955B7B-3E9D-4042-8F44-B56470EC9BF1}.Release|x86.ActiveCfg = Release|x86
		{68955B7B-3E9D-4042-8F44-B56470EC9BF1}.Release|x86.Build.0 = Release|x86
	EndGlobalSection
	GlobalSection(SolutionProperties) = preSolution
		HideSolutionNode = FALSE
	EndGlobalSection
	GlobalSection(NestedProjects) = preSolution
		{8606AF10-183B-408C-92FA-A03264E3A9A7} = {E6F2BDB8-5AB6-42BF-A7B8-4832AA5653C7}
		{3AB1B190-1237-4798-A5B3-45F341A58BDD} = {E6F2BDB8-5AB6-42BF-A7B8-4832AA5653C7}
		{8772ADE0-B78C-47B5-8C24-E43C1C685732} = {E6F2BDB8-5AB6-42BF-A7B8-4832AA5653C7}
		{291C61C1-8B03-43F4-9A00-B7920B6C0D2A} = {B7B511DD-CDA1-4082-934D-408E1021F055}
		{2AF3E959-DE0F-4A3F-B0CA-370665C726A8} = {B7B511DD-CDA1-4082-934D-408E1021F055}
		{5B18FDA6-99E3-45AB-9FF3-95A619159990} = {B7B511DD-CDA1-4082-934D-408E1021F055}
		{9C89303D-4665-4B8F-B6EB-50C6448592D0} = {8B2BDE22-6BDC-44ED-9FB2-068A98E3172A}
		{F8368DE8-232E-4625-A1D9-FCF1476AD093} = {8B2BDE22-6BDC-44ED-9FB2-068A98E3172A}
		{66B914E5-CE2F-47AF-8EBC-41444CD5BBFA} = {8B2BDE22-6BDC-44ED-9FB2-068A98E3172A}
		{FCA8B6EC-D54D-4BAF-9CB7-46FD62134AEA} = {8B2BDE22-6BDC-44ED-9FB2-068A98E3172A}
		{0892F1CC-875A-4BBC-85EB-855CB6C1A24B} = {8B2BDE22-6BDC-44ED-9FB2-068A98E3172A}
		{C2A845A6-EF89-4D81-9C77-269BFDC5759F} = {9C89303D-4665-4B8F-B6EB-50C6448592D0}
		{9EC9FB8F-5F13-4C83-8A52-2A1ACA898B45} = {9C89303D-4665-4B8F-B6EB-50C6448592D0}
		{0B9394AF-3416-4CFD-8940-4F1FD4977D65} = {57432AAB-B161-43F6-92B3-496E7BA10CA1}
		{ECBD1428-1581-4E75-9844-FB3D8128625F} = {57432AAB-B161-43F6-92B3-496E7BA10CA1}
		{9475F61B-11D2-419E-A302-2814B04F83AC} = {57432AAB-B161-43F6-92B3-496E7BA10CA1}
		{68F40942-0B87-4A8A-874C-76D90B68877A} = {57432AAB-B161-43F6-92B3-496E7BA10CA1}
		{134E1DAE-78B4-433B-A00E-9BB19007DEB8} = {57432AAB-B161-43F6-92B3-496E7BA10CA1}
		{C7BA8901-BC39-4DC8-8BC3-B9EBF4D72EC7} = {57432AAB-B161-43F6-92B3-496E7BA10CA1}
		{4731444F-DE0C-4E7C-986C-DB7F4CDF916D} = {57432AAB-B161-43F6-92B3-496E7BA10CA1}
		{9E59CA2B-6743-4652-94F8-0330BB0481CD} = {8DA6E328-4ED4-4571-B831-8A067BBAB503}
		{F8911B65-88B0-42DB-A548-E0BB5C9830D3} = {8DA6E328-4ED4-4571-B831-8A067BBAB503}
		{6BF032FE-86C3-454E-828F-FD6AB7B4132B} = {8DA6E328-4ED4-4571-B831-8A067BBAB503}
		{68955B7B-3E9D-4042-8F44-B56470EC9BF1} = {8DA6E328-4ED4-4571-B831-8A067BBAB503}
		{A407090B-E706-431A-AA21-C1F83BCFB6ED} = {F8368DE8-232E-4625-A1D9-FCF1476AD093}
		{49BA1C69-6104-41AC-A5D8-B54FA9F696E8} = {66B914E5-CE2F-47AF-8EBC-41444CD5BBFA}
		{74D4C33F-7CC8-4B2A-A7DF-D8B6E63B6EBD} = {FCA8B6EC-D54D-4BAF-9CB7-46FD62134AEA}
		{9D6E1765-D1AA-4606-BE55-B54BF31BC57E} = {0892F1CC-875A-4BBC-85EB-855CB6C1A24B}
		{04BB0485-133C-4B56-94C0-D1D9B3D6EC95} = {0892F1CC-875A-4BBC-85EB-855CB6C1A24B}
		{269A1048-DA2C-475A-9C10-564A7D8A071D} = {0892F1CC-875A-4BBC-85EB-855CB6C1A24B}
		{9E0E5CBD-E7FC-4BD6-A9B0-DEEE4BA576C7} = {0892F1CC-875A-4BBC-85EB-855CB6C1A24B}
		{7118D9A5-616B-4329-831B-C42624D711CE} = {0892F1CC-875A-4BBC-85EB-855CB6C1A24B}
		{D5D6310E-2D9D-4931-8D3B-4574F6625C6A} = {0892F1CC-875A-4BBC-85EB-855CB6C1A24B}
		{7DAF775B-4772-473F-81D6-608B4DE681F2} = {0892F1CC-875A-4BBC-85EB-855CB6C1A24B}
		{364B21A8-2FCA-46BE-91B5-22106D7A5DAE} = {B8F635BB-56A9-4BBB-AE49-C25E86C5A6AB}
	EndGlobalSection
EndGlobal
